
Microsoft Visual Studio Solution File, Format Version 12.00
# Visual Studio Version 16
VisualStudioVersion = 16.0.29911.84
MinimumVisualStudioVersion = 10.0.40219.1
Project("{FAE04EC0-301F-11D3-BF4B-00C04F79EFBC}") = "ProductInventory", "ProductInventory.csproj", "{C3417B3C-1373-4B7D-AB73-EDBE306F6ABB}"
EndProject
Global
	GlobalSection(SolutionConfigurationPlatforms) = preSolution
		Debug|Any CPU = Debug|Any CPU
		Release|Any CPU = Release|Any CPU
	EndGlobalSection
	GlobalSection(ProjectConfigurationPlatforms) = postSolution
		{C3417B3C-1373-4B7D-AB73-EDBE306F6ABB}.Debug|Any CPU.ActiveCfg = Debug|Any CPU
		{C3417B3C-1373-4B7D-AB73-EDBE306F6ABB}.Debug|Any CPU.Build.0 = Debug|Any CPU
		{C3417B3C-1373-4B7D-AB73-EDBE306F6ABB}.Release|Any CPU.ActiveCfg = Release|Any CPU
		{C3417B3C-1373-4B7D-AB73-EDBE306F6ABB}.Release|Any CPU.Build.0 = Release|Any CPU
	EndGlobalSection
	GlobalSection(SolutionProperties) = preSolution
		HideSolutionNode = FALSE
	EndGlobalSection
	GlobalSection(ExtensibilityGlobals) = postSolution
		SolutionGuid = {6B79E990-67BD-42A7-B08D-E2E622E2DE22}
	EndGlobalSection
EndGlobal
